Microsoft Visual Studio Solution File, Format Version 12.00
# Visual Studio Version 17
VisualStudioVersion = 17.5.2.0
MinimumVisualStudioVersion = 10.0.40219.1
Project("{FAE04EC0-301F-11D3-BF4B-00C04F79EFBC}") = "basicApp", "basicApp\basicApp.csproj", "{950D4357-0AB8-B2C3-48D8-5D33EDE550E1}"
EndProject
Global
	GlobalSection(SolutionConfigurationPlatforms) = preSolution
		Debug|Any CPU = Debug|Any CPU
		Release|Any CPU = Release|Any CPU
	EndGlobalSection
	GlobalSection(ProjectConfigurationPlatforms) = postSolution
		{950D4357-0AB8-B2C3-48D8-5D33EDE550E1}.Debug|Any CPU.ActiveCfg = Debug|Any CPU
		{950D4357-0AB8-B2C3-48D8-5D33EDE550E1}.Debug|Any CPU.Build.0 = Debug|Any CPU
		{950D4357-0AB8-B2C3-48D8-5D33EDE550E1}.Release|Any CPU.ActiveCfg = Release|Any CPU
		{950D4357-0AB8-B2C3-48D8-5D33EDE550E1}.Release|Any CPU.Build.0 = Release|Any CPU
	EndGlobalSection
	GlobalSection(SolutionProperties) = preSolution
		HideSolutionNode = FALSE
	EndGlobalSection
	GlobalSection(ExtensibilityGlobals) = postSolution
		SolutionGuid = {1951F0AB-8255-46AC-9267-A12BED138B76}
	EndGlobalSection
EndGlobal
